
Microsoft Visual Studio Solution File, Format Version 12.00
# Visual Studio Version 16
VisualStudioVersion = 16.0.31911.196
MinimumVisualStudioVersion = 10.0.40219.1
Project("{FAE04EC0-301F-11D3-BF4B-00C04F79EFBC}") = "Security code", "Security code.csproj", "{351FE0AA-CE15-4E94-9BF4-6F6E270A1AC9}"
EndProject
Global
	GlobalSection(SolutionConfigurationPlatforms) = preSolution
		Debug|Any CPU = Debug|Any CPU
		Release|Any CPU = Release|Any CPU
	EndGlobalSection
	GlobalSection(ProjectConfigurationPlatforms) = postSolution
		{351FE0AA-CE15-4E94-9BF4-6F6E270A1AC9}.Debug|Any CPU.ActiveCfg = Debug|Any CPU
		{351FE0AA-CE15-4E94-9BF4-6F6E270A1AC9}.Debug|Any CPU.Build.0 = Debug|Any CPU
		{351FE0AA-CE15-4E94-9BF4-6F6E270A1AC9}.Release|Any CPU.ActiveCfg = Release|Any CPU
		{351FE0AA-CE15-4E94-9BF4-6F6E270A1AC9}.Release|Any CPU.Build.0 = Release|Any CPU
	EndGlobalSection
	GlobalSection(SolutionProperties) = preSolution
		HideSolutionNode = FALSE
	EndGlobalSection
	GlobalSection(ExtensibilityGlobals) = postSolution
		SolutionGuid = {61705716-CFE0-42CA-AD29-0EC715920E2A}
	EndGlobalSection
EndGlobal
